<Solution>
  <Project Path="../Beep.Winform.Data.Integrated.Controls/TheTechIdea.Beep.Winform.Controls.Integrated.csproj" />
  <Project Path="../Beep.Winform.Data.Integrated.Views/TheTechIdea.Beep.Winform.Default.Views.csproj" />
  <Project Path="Beep.Winform.Data.Integrated.Shared.csproj" />
</Solution>
